
Microsoft Visual Studio Solution File, Format Version 12.00
# Visual Studio Version 16
VisualStudioVersion = 16.0.30621.155
MinimumVisualStudioVersion = 10.0.40219.1
Project("{FAE04EC0-301F-11D3-BF4B-00C04F79EFBC}") = "ServerAsyn", "ServerAsyn\ServerAsyn.csproj", "{592B9B93-F00E-46CF-AFD1-16578E7EF8F0}"
EndProject
Project("{FAE04EC0-301F-11D3-BF4B-00C04F79EFBC}") = "ServerLibrary", "ServerLibrary\ServerLibrary.csproj", "{F82ACE98-3730-4C3F-A860-359EF643E2B8}"
EndProject
Project("{FAE04EC0-301F-11D3-BF4B-00C04F79EFBC}") = "Client", "Client\Client.csproj", "{9CD54459-9021-4C5B-812F-35426FDD679E}"
EndProject
Global
	GlobalSection(SolutionConfigurationPlatforms) = preSolution
		Debug|Any CPU = Debug|Any CPU
		Release|Any CPU = Release|Any CPU
	EndGlobalSection
	GlobalSection(ProjectConfigurationPlatforms) = postSolution
		{592B9B93-F00E-46CF-AFD1-16578E7EF8F0}.Debug|Any CPU.ActiveCfg = Debug|Any CPU
		{592B9B93-F00E-46CF-AFD1-16578E7EF8F0}.Debug|Any CPU.Build.0 = Debug|Any CPU
		{592B9B93-F00E-46CF-AFD1-16578E7EF8F0}.Release|Any CPU.ActiveCfg = Release|Any CPU
		{592B9B93-F00E-46CF-AFD1-16578E7EF8F0}.Release|Any CPU.Build.0 = Release|Any CPU
		{F82ACE98-3730-4C3F-A860-359EF643E2B8}.Debug|Any CPU.ActiveCfg = Debug|Any CPU
		{F82ACE98-3730-4C3F-A860-359EF643E2B8}.Debug|Any CPU.Build.0 = Debug|Any CPU
		{F82ACE98-3730-4C3F-A860-359EF643E2B8}.Release|Any CPU.ActiveCfg = Release|Any CPU
		{F82ACE98-3730-4C3F-A860-359EF643E2B8}.Release|Any CPU.Build.0 = Release|Any CPU
		{9CD54459-9021-4C5B-812F-35426FDD679E}.Debug|Any CPU.ActiveCfg = Debug|Any CPU
		{9CD54459-9021-4C5B-812F-35426FDD679E}.Debug|Any CPU.Build.0 = Debug|Any CPU
		{9CD54459-9021-4C5B-812F-35426FDD679E}.Release|Any CPU.ActiveCfg = Release|Any CPU
		{9CD54459-9021-4C5B-812F-35426FDD679E}.Release|Any CPU.Build.0 = Release|Any CPU
	EndGlobalSection
	GlobalSection(SolutionProperties) = preSolution
		HideSolutionNode = FALSE
	EndGlobalSection
	GlobalSection(ExtensibilityGlobals) = postSolution
		SolutionGuid = {723D819C-36C9-46C3-B360-CC28C3D4716C}
	EndGlobalSection
EndGlobal
